
Microsoft Visual Studio Solution File, Format Version 12.00
Project("{FAE04EC0-301F-11D3-BF4B-00C04F79EFBC}") = "webapi", "webapi\webapi.csproj", "{0FBA6B30-A1EC-4252-A853-77ED0C40EDE8}"
EndProject
Global
	GlobalSection(SolutionConfigurationPlatforms) = preSolution
		Debug|Any CPU = Debug|Any CPU
		Release|Any CPU = Release|Any CPU
	EndGlobalSection
	GlobalSection(ProjectConfigurationPlatforms) = postSolution
		{0FBA6B30-A1EC-4252-A853-77ED0C40EDE8}.Debug|Any CPU.ActiveCfg = Debug|Any CPU
		{0FBA6B30-A1EC-4252-A853-77ED0C40EDE8}.Debug|Any CPU.Build.0 = Debug|Any CPU
		{0FBA6B30-A1EC-4252-A853-77ED0C40EDE8}.Release|Any CPU.ActiveCfg = Release|Any CPU
		{0FBA6B30-A1EC-4252-A853-77ED0C40EDE8}.Release|Any CPU.Build.0 = Release|Any CPU
	EndGlobalSection
EndGlobal
